
Microsoft Visual Studio Solution File, Format Version 12.00
# Visual Studio Version 17
VisualStudioVersion = 17.9.34902.65
MinimumVisualStudioVersion = 10.0.40219.1
Project("{FAE04EC0-301F-11D3-BF4B-00C04F79EFBC}") = "AsposeTriage", "AsposeTriage.csproj", "{13B5FA62-9639-4F4A-A62F-26D3C8014FF9}"
EndProject
Global
	GlobalSection(SolutionConfigurationPlatforms) = preSolution
		Debug|Any CPU = Debug|Any CPU
		Release|Any CPU = Release|Any CPU
	EndGlobalSection
	GlobalSection(ProjectConfigurationPlatforms) = postSolution
		{13B5FA62-9639-4F4A-A62F-26D3C8014FF9}.Debug|Any CPU.ActiveCfg = Debug|Any CPU
		{13B5FA62-9639-4F4A-A62F-26D3C8014FF9}.Debug|Any CPU.Build.0 = Debug|Any CPU
		{13B5FA62-9639-4F4A-A62F-26D3C8014FF9}.Release|Any CPU.ActiveCfg = Release|Any CPU
		{13B5FA62-9639-4F4A-A62F-26D3C8014FF9}.Release|Any CPU.Build.0 = Release|Any CPU
	EndGlobalSection
	GlobalSection(SolutionProperties) = preSolution
		HideSolutionNode = FALSE
	EndGlobalSection
	GlobalSection(ExtensibilityGlobals) = postSolution
		SolutionGuid = {D88A4B91-C5DD-4965-B6B3-E02CCDDF8EBD}
	EndGlobalSection
EndGlobal
